
Microsoft Visual Studio Solution File, Format Version 12.00
# Visual Studio Version 17
VisualStudioVersion = 17.11.35431.28
MinimumVisualStudioVersion = 10.0.40219.1
Project("{9A19103F-16F7-4668-BE54-9A1E7A4F7556}") = "ElasticSearch.API", "ElasticSearch.API\ElasticSearch.API.csproj", "{D6639149-D3AA-4DA7-95F5-90F56F07FD26}"
EndProject
Project("{E53339B2-1760-4266-BCC7-CA923CBCF16C}") = "docker-compose", "docker-compose.dcproj", "{53307D6F-D20C-4176-80AE-525DE11E53F0}"
EndProject
Project("{9A19103F-16F7-4668-BE54-9A1E7A4F7556}") = "ElasticSearch.Education.Mvc", "..\ElasticSearch.Education.Mvc\ElasticSearch.Education.Mvc.csproj", "{5D39ABE3-31F2-4C51-B44B-CC953DA34E65}"
EndProject
Project("{FAE04EC0-301F-11D3-BF4B-00C04F79EFBC}") = "Controller.Test", "..\Controller.Test\Controller.Test.csproj", "{BAE0DBC6-75C2-4F4D-A77F-633FE8FD630C}"
EndProject
Global
	GlobalSection(SolutionConfigurationPlatforms) = preSolution
		Debug|Any CPU = Debug|Any CPU
		Release|Any CPU = Release|Any CPU
	EndGlobalSection
	GlobalSection(ProjectConfigurationPlatforms) = postSolution
		{D6639149-D3AA-4DA7-95F5-90F56F07FD26}.Debug|Any CPU.ActiveCfg = Debug|Any CPU
		{D6639149-D3AA-4DA7-95F5-90F56F07FD26}.Debug|Any CPU.Build.0 = Debug|Any CPU
		{D6639149-D3AA-4DA7-95F5-90F56F07FD26}.Release|Any CPU.ActiveCfg = Release|Any CPU
		{D6639149-D3AA-4DA7-95F5-90F56F07FD26}.Release|Any CPU.Build.0 = Release|Any CPU
		{53307D6F-D20C-4176-80AE-525DE11E53F0}.Debug|Any CPU.ActiveCfg = Debug|Any CPU
		{53307D6F-D20C-4176-80AE-525DE11E53F0}.Debug|Any CPU.Build.0 = Debug|Any CPU
		{53307D6F-D20C-4176-80AE-525DE11E53F0}.Release|Any CPU.ActiveCfg = Release|Any CPU
		{53307D6F-D20C-4176-80AE-525DE11E53F0}.Release|Any CPU.Build.0 = Release|Any CPU
		{5D39ABE3-31F2-4C51-B44B-CC953DA34E65}.Debug|Any CPU.ActiveCfg = Debug|Any CPU
		{5D39ABE3-31F2-4C51-B44B-CC953DA34E65}.Debug|Any CPU.Build.0 = Debug|Any CPU
		{5D39ABE3-31F2-4C51-B44B-CC953DA34E65}.Release|Any CPU.ActiveCfg = Release|Any CPU
		{5D39ABE3-31F2-4C51-B44B-CC953DA34E65}.Release|Any CPU.Build.0 = Release|Any CPU
		{BAE0DBC6-75C2-4F4D-A77F-633FE8FD630C}.Debug|Any CPU.ActiveCfg = Debug|Any CPU
		{BAE0DBC6-75C2-4F4D-A77F-633FE8FD630C}.Debug|Any CPU.Build.0 = Debug|Any CPU
		{BAE0DBC6-75C2-4F4D-A77F-633FE8FD630C}.Release|Any CPU.ActiveCfg = Release|Any CPU
		{BAE0DBC6-75C2-4F4D-A77F-633FE8FD630C}.Release|Any CPU.Build.0 = Release|Any CPU
	EndGlobalSection
	GlobalSection(SolutionProperties) = preSolution
		HideSolutionNode = FALSE
	EndGlobalSection
	GlobalSection(ExtensibilityGlobals) = postSolution
		SolutionGuid = {84FE6F90-B13E-4103-9800-698577B3E453}
	EndGlobalSection
EndGlobal
